
Microsoft Visual Studio Solution File, Format Version 12.00
# Visual Studio Version 17
VisualStudioVersion = 17.5.33414.496
MinimumVisualStudioVersion = 10.0.40219.1
Project("{FAE04EC0-301F-11D3-BF4B-00C04F79EFBC}") = "MagiVillaAPI", "MagiVillaAPI\MagiVillaAPI.csproj", "{1EFE0B40-FA39-4765-96E9-6E81498E1E4B}"
EndProject
Global
	GlobalSection(SolutionConfigurationPlatforms) = preSolution
		Debug|Any CPU = Debug|Any CPU
		Release|Any CPU = Release|Any CPU
	EndGlobalSection
	GlobalSection(ProjectConfigurationPlatforms) = postSolution
		{1EFE0B40-FA39-4765-96E9-6E81498E1E4B}.Debug|Any CPU.ActiveCfg = Debug|Any CPU
		{1EFE0B40-FA39-4765-96E9-6E81498E1E4B}.Debug|Any CPU.Build.0 = Debug|Any CPU
		{1EFE0B40-FA39-4765-96E9-6E81498E1E4B}.Release|Any CPU.ActiveCfg = Release|Any CPU
		{1EFE0B40-FA39-4765-96E9-6E81498E1E4B}.Release|Any CPU.Build.0 = Release|Any CPU
	EndGlobalSection
	GlobalSection(SolutionProperties) = preSolution
		HideSolutionNode = FALSE
	EndGlobalSection
	GlobalSection(ExtensibilityGlobals) = postSolution
		SolutionGuid = {F67AA8E3-090E-43F7-B644-A4EB02BDA294}
	EndGlobalSection
EndGlobal
